
Microsoft Visual Studio Solution File, Format Version 12.00
# Visual Studio Version 16
VisualStudioVersion = 16.0.29326.143
MinimumVisualStudioVersion = 10.0.40219.1
Project("{FAE04EC0-301F-11D3-BF4B-00C04F79EFBC}") = "Wivuu.DataSeed", "Wivuu.DataSeed\Wivuu.DataSeed.csproj", "{B00A2203-7ADE-4915-9BD9-5CF79E894D44}"
EndProject
Project("{FAE04EC0-301F-11D3-BF4B-00C04F79EFBC}") = "Wivuu.DataSeed.Tests", "Wivuu.DataSeed.Tests\Wivuu.DataSeed.Tests.csproj", "{1971061F-199D-4559-93B2-FC36A3036DF6}"
EndProject
Project("{2150E333-8FDC-42A3-9474-1A3956D46DE8}") = "Solution Items", "Solution Items", "{DD9D248F-A6C1-4D36-AE46-FD1BB9C4DB0C}"
	ProjectSection(SolutionItems) = preProject
		LICENSE.txt = LICENSE.txt
		.nuget\NuGet.exe = .nuget\NuGet.exe
		README.md = README.md
	EndProjectSection
EndProject
Project("{2150E333-8FDC-42A3-9474-1A3956D46DE8}") = "Sample", "Sample", "{71F48382-9CAE-4975-9689-CD9CFF0EBF13}"
EndProject
Project("{FAE04EC0-301F-11D3-BF4B-00C04F79EFBC}") = "Sample.Wivuu.Domain", "Sample\Sample.Wivuu.Domain\Sample.Wivuu.Domain.csproj", "{E8FA9C2D-AB60-4248-90E8-B7FF186CF29D}"
EndProject
Project("{FAE04EC0-301F-11D3-BF4B-00C04F79EFBC}") = "Sample.Wivuu.Business", "Sample\Sample.Wivuu.Business\Sample.Wivuu.Business.csproj", "{41A06C57-B60D-4A40-B0B9-7892D82441FF}"
EndProject
Project("{FAE04EC0-301F-11D3-BF4B-00C04F79EFBC}") = "Sample.Wivuu.FrontEnd", "Sample\Sample.Wivuu.FrontEnd\Sample.Wivuu.FrontEnd.csproj", "{6F1C26B1-4589-4D87-8572-C9C893BC520B}"
EndProject
Global
	GlobalSection(SolutionConfigurationPlatforms) = preSolution
		Debug|Any CPU = Debug|Any CPU
		Packaging|Any CPU = Packaging|Any CPU
		Release|Any CPU = Release|Any CPU
	EndGlobalSection
	GlobalSection(ProjectConfigurationPlatforms) = postSolution
		{B00A2203-7ADE-4915-9BD9-5CF79E894D44}.Debug|Any CPU.ActiveCfg = Debug|Any CPU
		{B00A2203-7ADE-4915-9BD9-5CF79E894D44}.Debug|Any CPU.Build.0 = Debug|Any CPU
		{B00A2203-7ADE-4915-9BD9-5CF79E894D44}.Packaging|Any CPU.ActiveCfg = Release|Any CPU
		{B00A2203-7ADE-4915-9BD9-5CF79E894D44}.Packaging|Any CPU.Build.0 = Release|Any CPU
		{B00A2203-7ADE-4915-9BD9-5CF79E894D44}.Release|Any CPU.ActiveCfg = Release|Any CPU
		{B00A2203-7ADE-4915-9BD9-5CF79E894D44}.Release|Any CPU.Build.0 = Release|Any CPU
		{1971061F-199D-4559-93B2-FC36A3036DF6}.Debug|Any CPU.ActiveCfg = Debug|Any CPU
		{1971061F-199D-4559-93B2-FC36A3036DF6}.Debug|Any CPU.Build.0 = Debug|Any CPU
		{1971061F-199D-4559-93B2-FC36A3036DF6}.Packaging|Any CPU.ActiveCfg = Packaging|Any CPU
		{1971061F-199D-4559-93B2-FC36A3036DF6}.Packaging|Any CPU.Build.0 = Packaging|Any CPU
		{1971061F-199D-4559-93B2-FC36A3036DF6}.Release|Any CPU.ActiveCfg = Release|Any CPU
		{1971061F-199D-4559-93B2-FC36A3036DF6}.Release|Any CPU.Build.0 = Release|Any CPU
		{E8FA9C2D-AB60-4248-90E8-B7FF186CF29D}.Debug|Any CPU.ActiveCfg = Debug|Any CPU
		{E8FA9C2D-AB60-4248-90E8-B7FF186CF29D}.Debug|Any CPU.Build.0 = Debug|Any CPU
		{E8FA9C2D-AB60-4248-90E8-B7FF186CF29D}.Packaging|Any CPU.ActiveCfg = Release|Any CPU
		{E8FA9C2D-AB60-4248-90E8-B7FF186CF29D}.Packaging|Any CPU.Build.0 = Release|Any CPU
		{E8FA9C2D-AB60-4248-90E8-B7FF186CF29D}.Release|Any CPU.ActiveCfg = Release|Any CPU
		{E8FA9C2D-AB60-4248-90E8-B7FF186CF29D}.Release|Any CPU.Build.0 = Release|Any CPU
		{41A06C57-B60D-4A40-B0B9-7892D82441FF}.Debug|Any CPU.ActiveCfg = Debug|Any CPU
		{41A06C57-B60D-4A40-B0B9-7892D82441FF}.Debug|Any CPU.Build.0 = Debug|Any CPU
		{41A06C57-B60D-4A40-B0B9-7892D82441FF}.Packaging|Any CPU.ActiveCfg = Release|Any CPU
		{41A06C57-B60D-4A40-B0B9-7892D82441FF}.Packaging|Any CPU.Build.0 = Release|Any CPU
		{41A06C57-B60D-4A40-B0B9-7892D82441FF}.Release|Any CPU.ActiveCfg = Release|Any CPU
		{41A06C57-B60D-4A40-B0B9-7892D82441FF}.Release|Any CPU.Build.0 = Release|Any CPU
		{6F1C26B1-4589-4D87-8572-C9C893BC520B}.Debug|Any CPU.ActiveCfg = Debug|Any CPU
		{6F1C26B1-4589-4D87-8572-C9C893BC520B}.Debug|Any CPU.Build.0 = Debug|Any CPU
		{6F1C26B1-4589-4D87-8572-C9C893BC520B}.Packaging|Any CPU.ActiveCfg = Release|Any CPU
		{6F1C26B1-4589-4D87-8572-C9C893BC520B}.Packaging|Any CPU.Build.0 = Release|Any CPU
		{6F1C26B1-4589-4D87-8572-C9C893BC520B}.Release|Any CPU.ActiveCfg = Release|Any CPU
		{6F1C26B1-4589-4D87-8572-C9C893BC520B}.Release|Any CPU.Build.0 = Release|Any CPU
	EndGlobalSection
	GlobalSection(SolutionProperties) = preSolution
		HideSolutionNode = FALSE
	EndGlobalSection
	GlobalSection(NestedProjects) = preSolution
		{E8FA9C2D-AB60-4248-90E8-B7FF186CF29D} = {71F48382-9CAE-4975-9689-CD9CFF0EBF13}
		{41A06C57-B60D-4A40-B0B9-7892D82441FF} = {71F48382-9CAE-4975-9689-CD9CFF0EBF13}
		{6F1C26B1-4589-4D87-8572-C9C893BC520B} = {71F48382-9CAE-4975-9689-CD9CFF0EBF13}
	EndGlobalSection
	GlobalSection(ExtensibilityGlobals) = postSolution
		SolutionGuid = {9B1972C4-B506-477B-8BB5-CB9812F3C81F}
	EndGlobalSection
EndGlobal
